
Microsoft Visual Studio Solution File, Format Version 12.00
# Visual Studio Version 17
VisualStudioVersion = 17.13.35913.81
MinimumVisualStudioVersion = 10.0.40219.1
Project("{FAE04EC0-301F-11D3-BF4B-00C04F79EFBC}") = "SMS.App", "StudentManagementSystem\SMS.App.csproj", "{B3451B2F-45FC-4391-92E1-E9B2D0133DAB}"
EndProject
Project("{FAE04EC0-301F-11D3-BF4B-00C04F79EFBC}") = "SMS.Domain", "SMS.Domain\SMS.Domain.csproj", "{D04D8C55-C798-42C7-8D75-DB0D29105F85}"
EndProject
Project("{FAE04EC0-301F-11D3-BF4B-00C04F79EFBC}") = "SMS.Infastracture", "SMS.Infastracture\SMS.Infastracture.csproj", "{BA446852-9EFC-4349-8AF2-E42F45C833FC}"
EndProject
Global
	GlobalSection(SolutionConfigurationPlatforms) = preSolution
		Debug|Any CPU = Debug|Any CPU
		Release|Any CPU = Release|Any CPU
	EndGlobalSection
	GlobalSection(ProjectConfigurationPlatforms) = postSolution
		{B3451B2F-45FC-4391-92E1-E9B2D0133DAB}.Debug|Any CPU.ActiveCfg = Debug|Any CPU
		{B3451B2F-45FC-4391-92E1-E9B2D0133DAB}.Debug|Any CPU.Build.0 = Debug|Any CPU
		{B3451B2F-45FC-4391-92E1-E9B2D0133DAB}.Release|Any CPU.ActiveCfg = Release|Any CPU
		{B3451B2F-45FC-4391-92E1-E9B2D0133DAB}.Release|Any CPU.Build.0 = Release|Any CPU
		{D04D8C55-C798-42C7-8D75-DB0D29105F85}.Debug|Any CPU.ActiveCfg = Debug|Any CPU
		{D04D8C55-C798-42C7-8D75-DB0D29105F85}.Debug|Any CPU.Build.0 = Debug|Any CPU
		{D04D8C55-C798-42C7-8D75-DB0D29105F85}.Release|Any CPU.ActiveCfg = Release|Any CPU
		{D04D8C55-C798-42C7-8D75-DB0D29105F85}.Release|Any CPU.Build.0 = Release|Any CPU
		{BA446852-9EFC-4349-8AF2-E42F45C833FC}.Debug|Any CPU.ActiveCfg = Debug|Any CPU
		{BA446852-9EFC-4349-8AF2-E42F45C833FC}.Debug|Any CPU.Build.0 = Debug|Any CPU
		{BA446852-9EFC-4349-8AF2-E42F45C833FC}.Release|Any CPU.ActiveCfg = Release|Any CPU
		{BA446852-9EFC-4349-8AF2-E42F45C833FC}.Release|Any CPU.Build.0 = Release|Any CPU
	EndGlobalSection
	GlobalSection(SolutionProperties) = preSolution
		HideSolutionNode = FALSE
	EndGlobalSection
	GlobalSection(ExtensibilityGlobals) = postSolution
		SolutionGuid = {F77CD500-626D-4D1A-8099-F8A287AC1CC2}
	EndGlobalSection
EndGlobal
